
Microsoft Visual Studio Solution File, Format Version 12.00
# Visual Studio Version 16
VisualStudioVersion = 16.0.30011.22
MinimumVisualStudioVersion = 10.0.40219.1
Project("{9A19103F-16F7-4668-BE54-9A1E7A4F7556}") = "Azure Stacks", "iac\Azure Stacks.csproj", "{510F7523-0775-41B0-8591-879730AADBDC}"
EndProject
Project("{2150E333-8FDC-42A3-9474-1A3956D46DE8}") = "Infrastructure", "Infrastructure", "{AB0037CB-26DC-49A1-94DE-8F1C3BEFE97C}"
EndProject
Project("{FAE04EC0-301F-11D3-BF4B-00C04F79EFBC}") = "TimeZones", "src\TimeZones\TimeZones.csproj", "{6280F183-2E34-4820-9396-C35675FF02A8}"
EndProject
Project("{2150E333-8FDC-42A3-9474-1A3956D46DE8}") = "Tests", "Tests", "{97EBE906-B80F-4E98-AADC-38784665F32B}"
EndProject
Project("{FAE04EC0-301F-11D3-BF4B-00C04F79EFBC}") = "Tests.Services", "tests\Tests.TimeZones\Tests.Services.csproj", "{34C384AB-A244-4E2F-9E1D-594D467401D2}"
EndProject
Global
	GlobalSection(SolutionConfigurationPlatforms) = preSolution
		Debug|Any CPU = Debug|Any CPU
		Release|Any CPU = Release|Any CPU
	EndGlobalSection
	GlobalSection(ProjectConfigurationPlatforms) = postSolution
		{510F7523-0775-41B0-8591-879730AADBDC}.Debug|Any CPU.ActiveCfg = Debug|Any CPU
		{510F7523-0775-41B0-8591-879730AADBDC}.Debug|Any CPU.Build.0 = Debug|Any CPU
		{510F7523-0775-41B0-8591-879730AADBDC}.Release|Any CPU.ActiveCfg = Release|Any CPU
		{510F7523-0775-41B0-8591-879730AADBDC}.Release|Any CPU.Build.0 = Release|Any CPU
		{6280F183-2E34-4820-9396-C35675FF02A8}.Debug|Any CPU.ActiveCfg = Debug|Any CPU
		{6280F183-2E34-4820-9396-C35675FF02A8}.Debug|Any CPU.Build.0 = Debug|Any CPU
		{6280F183-2E34-4820-9396-C35675FF02A8}.Release|Any CPU.ActiveCfg = Release|Any CPU
		{6280F183-2E34-4820-9396-C35675FF02A8}.Release|Any CPU.Build.0 = Release|Any CPU
		{34C384AB-A244-4E2F-9E1D-594D467401D2}.Debug|Any CPU.ActiveCfg = Debug|Any CPU
		{34C384AB-A244-4E2F-9E1D-594D467401D2}.Debug|Any CPU.Build.0 = Debug|Any CPU
		{34C384AB-A244-4E2F-9E1D-594D467401D2}.Release|Any CPU.ActiveCfg = Release|Any CPU
		{34C384AB-A244-4E2F-9E1D-594D467401D2}.Release|Any CPU.Build.0 = Release|Any CPU
	EndGlobalSection
	GlobalSection(SolutionProperties) = preSolution
		HideSolutionNode = FALSE
	EndGlobalSection
	GlobalSection(NestedProjects) = preSolution
		{510F7523-0775-41B0-8591-879730AADBDC} = {AB0037CB-26DC-49A1-94DE-8F1C3BEFE97C}
		{34C384AB-A244-4E2F-9E1D-594D467401D2} = {97EBE906-B80F-4E98-AADC-38784665F32B}
	EndGlobalSection
	GlobalSection(ExtensibilityGlobals) = postSolution
		SolutionGuid = {53585771-9C9D-4213-9108-8021F9CCB760}
	EndGlobalSection
EndGlobal
